
Microsoft Visual Studio Solution File, Format Version 12.00
# Visual Studio Version 17
VisualStudioVersion = 17.10.35122.118
MinimumVisualStudioVersion = 10.0.40219.1
Project("{9A19103F-16F7-4668-BE54-9A1E7A4F7556}") = "QuickLauncher", "QuickLauncher\QuickLauncher.csproj", "{64A451BC-4D55-4359-9B7A-5F31484FE90A}"
EndProject
Project("{FAE04EC0-301F-11D3-BF4B-00C04F79EFBC}") = "ImportFromWindows", "ImportFromWindows\ImportFromWindows.csproj", "{64B7D83D-0676-4925-9102-5A5BAC9C05B9}"
EndProject
Global
	GlobalSection(SolutionConfigurationPlatforms) = preSolution
		Debug|Any CPU = Debug|Any CPU
		Release|Any CPU = Release|Any CPU
	EndGlobalSection
	GlobalSection(ProjectConfigurationPlatforms) = postSolution
		{64A451BC-4D55-4359-9B7A-5F31484FE90A}.Debug|Any CPU.ActiveCfg = Debug|Any CPU
		{64A451BC-4D55-4359-9B7A-5F31484FE90A}.Debug|Any CPU.Build.0 = Debug|Any CPU
		{64A451BC-4D55-4359-9B7A-5F31484FE90A}.Release|Any CPU.ActiveCfg = Release|Any CPU
		{64A451BC-4D55-4359-9B7A-5F31484FE90A}.Release|Any CPU.Build.0 = Release|Any CPU
		{64B7D83D-0676-4925-9102-5A5BAC9C05B9}.Debug|Any CPU.ActiveCfg = Debug|Any CPU
		{64B7D83D-0676-4925-9102-5A5BAC9C05B9}.Debug|Any CPU.Build.0 = Debug|Any CPU
		{64B7D83D-0676-4925-9102-5A5BAC9C05B9}.Release|Any CPU.ActiveCfg = Release|Any CPU
		{64B7D83D-0676-4925-9102-5A5BAC9C05B9}.Release|Any CPU.Build.0 = Release|Any CPU
	EndGlobalSection
	GlobalSection(SolutionProperties) = preSolution
		HideSolutionNode = FALSE
	EndGlobalSection
	GlobalSection(ExtensibilityGlobals) = postSolution
		SolutionGuid = {B5975FE5-644B-4858-9FE4-DA7996A106F5}
	EndGlobalSection
EndGlobal
